Microsoft Visual Studio Solution File, Format Version 12.00
# Visual Studio Version 16
VisualStudioVersion = 16.0.31410.357
MinimumVisualStudioVersion = 10.0.40219.1
Project("{FAE04EC0-301F-11D3-BF4B-00C04F79EFBC}") = "CMWtests", "CMWtests\CMWtests.csproj", "{1AE6759B-B8F9-4199-88FC-8A0896AA2713}"
EndProject
Global
	GlobalSection(SolutionConfigurationPlatforms) = preSolution
		Debug|Any CPU = Debug|Any CPU
		Release|Any CPU = Release|Any CPU
	EndGlobalSection
	GlobalSection(ProjectConfigurationPlatforms) = postSolution
		{1AE6759B-B8F9-4199-88FC-8A0896AA2713}.Debug|Any CPU.ActiveCfg = Debug|Any CPU
		{1AE6759B-B8F9-4199-88FC-8A0896AA2713}.Debug|Any CPU.Build.0 = Debug|Any CPU
		{1AE6759B-B8F9-4199-88FC-8A0896AA2713}.Release|Any CPU.ActiveCfg = Release|Any CPU
		{1AE6759B-B8F9-4199-88FC-8A0896AA2713}.Release|Any CPU.Build.0 = Release|Any CPU
	EndGlobalSection
	GlobalSection(SolutionProperties) = preSolution
		HideSolutionNode = FALSE
	EndGlobalSection
	GlobalSection(ExtensibilityGlobals) = postSolution
		SolutionGuid = {721CC7C0-A128-4A2E-BA30-0979BCE6830D}
	EndGlobalSection
EndGlobal
