
Microsoft Visual Studio Solution File, Format Version 12.00
# Visual Studio 15
VisualStudioVersion = 15.0.28010.2048
MinimumVisualStudioVersion = 10.0.40219.1
Project("{FAE04EC0-301F-11D3-BF4B-00C04F79EFBC}") = "RS_CMW_app", "RS_CMW_app\RS_CMW_app.csproj", "{ADFE6715-3A19-4518-A0F5-FFC7CB17E119}"
EndProject
Global
	GlobalSection(SolutionConfigurationPlatforms) = preSolution
		Debug|Any CPU = Debug|Any CPU
		Release|Any CPU = Release|Any CPU
	EndGlobalSection
	GlobalSection(ProjectConfigurationPlatforms) = postSolution
		{ADFE6715-3A19-4518-A0F5-FFC7CB17E119}.Debug|Any CPU.ActiveCfg = Debug|Any CPU
		{ADFE6715-3A19-4518-A0F5-FFC7CB17E119}.Debug|Any CPU.Build.0 = Debug|Any CPU
		{ADFE6715-3A19-4518-A0F5-FFC7CB17E119}.Release|Any CPU.ActiveCfg = Release|Any CPU
		{ADFE6715-3A19-4518-A0F5-FFC7CB17E119}.Release|Any CPU.Build.0 = Release|Any CPU
	EndGlobalSection
	GlobalSection(SolutionProperties) = preSolution
		HideSolutionNode = FALSE
	EndGlobalSection
	GlobalSection(ExtensibilityGlobals) = postSolution
		SolutionGuid = {721CC7C0-A128-4A2E-BA30-0979BCE6830D}
	EndGlobalSection
EndGlobal
